
Microsoft Visual Studio Solution File, Format Version 12.00
# Visual Studio Version 17
VisualStudioVersion = 17.14.36511.14
MinimumVisualStudioVersion = 10.0.40219.1
Project("{FAE04EC0-301F-11D3-BF4B-00C04F79EFBC}") = "API_Gateway", "API_Gateway\API_Gateway.csproj", "{E2A73EB7-9FD6-4DE0-BFF2-5098AA295563}"
EndProject
Project("{FAE04EC0-301F-11D3-BF4B-00C04F79EFBC}") = "API_Admin", "API_Admin\API_Admin.csproj", "{02603156-A9D2-4081-8721-1B187343CDED}"
EndProject
Project("{FAE04EC0-301F-11D3-BF4B-00C04F79EFBC}") = "API_QuanLy", "API_QuanLy\API_QuanLy.csproj", "{04209906-CEAA-44DC-A52C-F601C6BBA08C}"
EndProject
Project("{FAE04EC0-301F-11D3-BF4B-00C04F79EFBC}") = "API_ThuNgan", "API_ThuNgan\API_ThuNgan.csproj", "{F8BBEEC3-D2D3-4675-8D66-D6E51BE72DED}"
EndProject
Project("{FAE04EC0-301F-11D3-BF4B-00C04F79EFBC}") = "API_LeTan", "API_LeTan\API_LeTan.csproj", "{CB55FC4C-E3E3-4E56-BAA1-3C015ACEE80E}"
EndProject
Project("{FAE04EC0-301F-11D3-BF4B-00C04F79EFBC}") = "API_Stylelist", "API_Stylelist\API_Stylelist.csproj", "{5AD51F64-D6DE-4614-B70D-5B15F6BE2607}"
EndProject
Project("{FAE04EC0-301F-11D3-BF4B-00C04F79EFBC}") = "BLL", "BLL\BLL.csproj", "{69BD910D-1E14-43DC-93D3-35462D2913A6}"
EndProject
Project("{FAE04EC0-301F-11D3-BF4B-00C04F79EFBC}") = "DAL", "DAL\DAL.csproj", "{CC389ACE-17A7-4110-873B-FB669362E05D}"
EndProject
Project("{FAE04EC0-301F-11D3-BF4B-00C04F79EFBC}") = "Models", "Models\Models.csproj", "{2521AFED-2324-4DFB-B2CF-C055CFFCBD43}"
EndProject
Project("{FAE04EC0-301F-11D3-BF4B-00C04F79EFBC}") = "API_Common", "API_Common\API_Common.csproj", "{424D0290-520C-4B70-9F2A-3B57BD9B215C}"
EndProject
Global
	GlobalSection(SolutionConfigurationPlatforms) = preSolution
		Debug|Any CPU = Debug|Any CPU
		Release|Any CPU = Release|Any CPU
	EndGlobalSection
	GlobalSection(ProjectConfigurationPlatforms) = postSolution
		{E2A73EB7-9FD6-4DE0-BFF2-5098AA295563}.Debug|Any CPU.ActiveCfg = Debug|Any CPU
		{E2A73EB7-9FD6-4DE0-BFF2-5098AA295563}.Debug|Any CPU.Build.0 = Debug|Any CPU
		{E2A73EB7-9FD6-4DE0-BFF2-5098AA295563}.Release|Any CPU.ActiveCfg = Release|Any CPU
		{E2A73EB7-9FD6-4DE0-BFF2-5098AA295563}.Release|Any CPU.Build.0 = Release|Any CPU
		{02603156-A9D2-4081-8721-1B187343CDED}.Debug|Any CPU.ActiveCfg = Debug|Any CPU
		{02603156-A9D2-4081-8721-1B187343CDED}.Debug|Any CPU.Build.0 = Debug|Any CPU
		{02603156-A9D2-4081-8721-1B187343CDED}.Release|Any CPU.ActiveCfg = Release|Any CPU
		{02603156-A9D2-4081-8721-1B187343CDED}.Release|Any CPU.Build.0 = Release|Any CPU
		{04209906-CEAA-44DC-A52C-F601C6BBA08C}.Debug|Any CPU.ActiveCfg = Debug|Any CPU
		{04209906-CEAA-44DC-A52C-F601C6BBA08C}.Debug|Any CPU.Build.0 = Debug|Any CPU
		{04209906-CEAA-44DC-A52C-F601C6BBA08C}.Release|Any CPU.ActiveCfg = Release|Any CPU
		{04209906-CEAA-44DC-A52C-F601C6BBA08C}.Release|Any CPU.Build.0 = Release|Any CPU
		{F8BBEEC3-D2D3-4675-8D66-D6E51BE72DED}.Debug|Any CPU.ActiveCfg = Debug|Any CPU
		{F8BBEEC3-D2D3-4675-8D66-D6E51BE72DED}.Debug|Any CPU.Build.0 = Debug|Any CPU
		{F8BBEEC3-D2D3-4675-8D66-D6E51BE72DED}.Release|Any CPU.ActiveCfg = Release|Any CPU
		{F8BBEEC3-D2D3-4675-8D66-D6E51BE72DED}.Release|Any CPU.Build.0 = Release|Any CPU
		{CB55FC4C-E3E3-4E56-BAA1-3C015ACEE80E}.Debug|Any CPU.ActiveCfg = Debug|Any CPU
		{CB55FC4C-E3E3-4E56-BAA1-3C015ACEE80E}.Debug|Any CPU.Build.0 = Debug|Any CPU
		{CB55FC4C-E3E3-4E56-BAA1-3C015ACEE80E}.Release|Any CPU.ActiveCfg = Release|Any CPU
		{CB55FC4C-E3E3-4E56-BAA1-3C015ACEE80E}.Release|Any CPU.Build.0 = Release|Any CPU
		{5AD51F64-D6DE-4614-B70D-5B15F6BE2607}.Debug|Any CPU.ActiveCfg = Debug|Any CPU
		{5AD51F64-D6DE-4614-B70D-5B15F6BE2607}.Debug|Any CPU.Build.0 = Debug|Any CPU
		{5AD51F64-D6DE-4614-B70D-5B15F6BE2607}.Release|Any CPU.ActiveCfg = Release|Any CPU
		{5AD51F64-D6DE-4614-B70D-5B15F6BE2607}.Release|Any CPU.Build.0 = Release|Any CPU
		{69BD910D-1E14-43DC-93D3-35462D2913A6}.Debug|Any CPU.ActiveCfg = Debug|Any CPU
		{69BD910D-1E14-43DC-93D3-35462D2913A6}.Debug|Any CPU.Build.0 = Debug|Any CPU
		{69BD910D-1E14-43DC-93D3-35462D2913A6}.Release|Any CPU.ActiveCfg = Release|Any CPU
		{69BD910D-1E14-43DC-93D3-35462D2913A6}.Release|Any CPU.Build.0 = Release|Any CPU
		{CC389ACE-17A7-4110-873B-FB669362E05D}.Debug|Any CPU.ActiveCfg = Debug|Any CPU
		{CC389ACE-17A7-4110-873B-FB669362E05D}.Debug|Any CPU.Build.0 = Debug|Any CPU
		{CC389ACE-17A7-4110-873B-FB669362E05D}.Release|Any CPU.ActiveCfg = Release|Any CPU
		{CC389ACE-17A7-4110-873B-FB669362E05D}.Release|Any CPU.Build.0 = Release|Any CPU
		{2521AFED-2324-4DFB-B2CF-C055CFFCBD43}.Debug|Any CPU.ActiveCfg = Debug|Any CPU
		{2521AFED-2324-4DFB-B2CF-C055CFFCBD43}.Debug|Any CPU.Build.0 = Debug|Any CPU
		{2521AFED-2324-4DFB-B2CF-C055CFFCBD43}.Release|Any CPU.ActiveCfg = Release|Any CPU
		{2521AFED-2324-4DFB-B2CF-C055CFFCBD43}.Release|Any CPU.Build.0 = Release|Any CPU
		{424D0290-520C-4B70-9F2A-3B57BD9B215C}.Debug|Any CPU.ActiveCfg = Debug|Any CPU
		{424D0290-520C-4B70-9F2A-3B57BD9B215C}.Debug|Any CPU.Build.0 = Debug|Any CPU
		{424D0290-520C-4B70-9F2A-3B57BD9B215C}.Release|Any CPU.ActiveCfg = Release|Any CPU
		{424D0290-520C-4B70-9F2A-3B57BD9B215C}.Release|Any CPU.Build.0 = Release|Any CPU
	EndGlobalSection
	GlobalSection(SolutionProperties) = preSolution
		HideSolutionNode = FALSE
	EndGlobalSection
	GlobalSection(ExtensibilityGlobals) = postSolution
		SolutionGuid = {8BC6E04B-D9D2-4BC6-AD24-394CBE266183}
	EndGlobalSection
EndGlobal
